
Microsoft Visual Studio Solution File, Format Version 12.00
# Visual Studio Version 17
VisualStudioVersion = 17.7.34031.279
MinimumVisualStudioVersion = 10.0.40219.1
Project("{9A19103F-16F7-4668-BE54-9A1E7A4F7556}") = "BlazorWebAssemblyGame.Server", "BlazorWebAssemblyGame\Server\BlazorWebAssemblyGame.Server.csproj", "{F600F712-5E20-448C-9CDD-406F59A00403}"
EndProject
Project("{9A19103F-16F7-4668-BE54-9A1E7A4F7556}") = "BlazorWebAssemblyGame.Client", "BlazorWebAssemblyGame\Client\BlazorWebAssemblyGame.Client.csproj", "{65D81634-6CF0-4375-9DB9-58C0F087B6AF}"
EndProject
Project("{9A19103F-16F7-4668-BE54-9A1E7A4F7556}") = "BlazorWebAssemblyGame.Shared", "BlazorWebAssemblyGame\Shared\BlazorWebAssemblyGame.Shared.csproj", "{3E1EC712-028C-4E64-BF46-16ECA1D5D89E}"
EndProject
Global
	GlobalSection(SolutionConfigurationPlatforms) = preSolution
		Debug|Any CPU = Debug|Any CPU
		Release|Any CPU = Release|Any CPU
	EndGlobalSection
	GlobalSection(ProjectConfigurationPlatforms) = postSolution
		{F600F712-5E20-448C-9CDD-406F59A00403}.Debug|Any CPU.ActiveCfg = Debug|Any CPU
		{F600F712-5E20-448C-9CDD-406F59A00403}.Debug|Any CPU.Build.0 = Debug|Any CPU
		{F600F712-5E20-448C-9CDD-406F59A00403}.Release|Any CPU.ActiveCfg = Release|Any CPU
		{F600F712-5E20-448C-9CDD-406F59A00403}.Release|Any CPU.Build.0 = Release|Any CPU
		{65D81634-6CF0-4375-9DB9-58C0F087B6AF}.Debug|Any CPU.ActiveCfg = Debug|Any CPU
		{65D81634-6CF0-4375-9DB9-58C0F087B6AF}.Debug|Any CPU.Build.0 = Debug|Any CPU
		{65D81634-6CF0-4375-9DB9-58C0F087B6AF}.Release|Any CPU.ActiveCfg = Release|Any CPU
		{65D81634-6CF0-4375-9DB9-58C0F087B6AF}.Release|Any CPU.Build.0 = Release|Any CPU
		{3E1EC712-028C-4E64-BF46-16ECA1D5D89E}.Debug|Any CPU.ActiveCfg = Debug|Any CPU
		{3E1EC712-028C-4E64-BF46-16ECA1D5D89E}.Debug|Any CPU.Build.0 = Debug|Any CPU
		{3E1EC712-028C-4E64-BF46-16ECA1D5D89E}.Release|Any CPU.ActiveCfg = Release|Any CPU
		{3E1EC712-028C-4E64-BF46-16ECA1D5D89E}.Release|Any CPU.Build.0 = Release|Any CPU
	EndGlobalSection
	GlobalSection(SolutionProperties) = preSolution
		HideSolutionNode = FALSE
	EndGlobalSection
	GlobalSection(ExtensibilityGlobals) = postSolution
		SolutionGuid = {DEA042D2-8EEF-473E-8232-A2D3A3C6318B}
	EndGlobalSection
EndGlobal
